// !$*UTF8*$!
{
	archiveVersion = 1;
	classes = {
	};
	objectVersion = 77;
	objects = {

/* Begin PBXBuildFile section */
		026E7D152A54EF693FA61DFB /* claude.png in Resources */ = {isa = PBXBuildFile; fileRef = 8F264B66DA1D0FF5C7832D12 /* claude.png */; };
		0888C47E56011E5C74966EC7 /* HistoryStore.swift in Sources */ = {isa = PBXBuildFile; fileRef = 10DCD44FD818ABD1AAF558CA /* HistoryStore.swift */; };
		0CEF4785E765F4005F7C4EBF /* NotificationService.swift in Sources */ = {isa = PBXBuildFile; fileRef = 1CEBAF11DB9525E96910A019 /* NotificationService.swift */; };
		13B72117E2420D244E7B64EF /* ContentView.swift in Sources */ = {isa = PBXBuildFile; fileRef = 20DE886DEC2C3D07A41EFDFB /* ContentView.swift */; };
		2524AEA9314BA21D5D49AE73 /* Assets.xcassets in Resources */ = {isa = PBXBuildFile; fileRef = 5C23A7CF72A01185880D42B1 /* Assets.xcassets */; };
		2F96A8A3E341D719119C8738 /* claude.png in Resources */ = {isa = PBXBuildFile; fileRef = 8F264B66DA1D0FF5C7832D12 /* claude.png */; };
		6A22D0CB1084F0AFE2CC2126 /* NotificationHistoryItem.swift in Sources */ = {isa = PBXBuildFile; fileRef = 9D08E44E9252B6446E862B76 /* NotificationHistoryItem.swift */; };
		728963698E09C1523AC58D33 /* NetworkService.swift in Sources */ = {isa = PBXBuildFile; fileRef = D42C34C84024FB8C6513B7E1 /* NetworkService.swift */; };
		76F8DDD83475CDFAAC059A50 /* AppDelegate.swift in Sources */ = {isa = PBXBuildFile; fileRef = F37C1F9F263E0AFFD4A17614 /* AppDelegate.swift */; };
		A29D0A1077758A3DE010AB04 /* codex.png in Resources */ = {isa = PBXBuildFile; fileRef = 91D58ADEABE5CE6FE12EC77F /* codex.png */; };
		A3DFDAFACE7746FC4D102163 /* HistoryStore.swift in Sources */ = {isa = PBXBuildFile; fileRef = 10DCD44FD818ABD1AAF558CA /* HistoryStore.swift */; };
		C94A4A0E7B3C4E3966E49167 /* CanopyNotificationService.appex in Embed Foundation Extensions */ = {isa = PBXBuildFile; fileRef = B86C7DBC8924A2213976772B /* CanopyNotificationService.appex */; settings = {ATTRIBUTES = (RemoveHeadersOnCopy, ); }; };
		CA76F2F30AAF72108C4FB34D /* NotificationHistoryItem.swift in Sources */ = {isa = PBXBuildFile; fileRef = 9D08E44E9252B6446E862B76 /* NotificationHistoryItem.swift */; };
		CCA30633BBA6C1FDBF9D0902 /* CanopyCompanionApp.swift in Sources */ = {isa = PBXBuildFile; fileRef = F3F3DC41D8266E711911BA77 /* CanopyCompanionApp.swift */; };
		CEBAF5543D0E874A46FA5788 /* codex.png in Resources */ = {isa = PBXBuildFile; fileRef = 91D58ADEABE5CE6FE12EC77F /* codex.png */; };
		CF1BA2A8F172D2040146265B /* cursor.png in Resources */ = {isa = PBXBuildFile; fileRef = 63CC20321B88AB0694BE1A26 /* cursor.png */; };
		EC86F7E395AA082830A7E5E3 /* HistoryView.swift in Sources */ = {isa = PBXBuildFile; fileRef = D8013DEE557ED7CCB706B484 /* HistoryView.swift */; };
		ED477BAA5CA564B7BF87568F /* KeychainHelper.swift in Sources */ = {isa = PBXBuildFile; fileRef = 13EFA404754FF36771B4735E /* KeychainHelper.swift */; };
		FEEFBC80177E58A76FD3BAE6 /* cursor.png in Resources */ = {isa = PBXBuildFile; fileRef = 63CC20321B88AB0694BE1A26 /* cursor.png */; };
		FF5787CCE71AF75313F48B39 /* AppState.swift in Sources */ = {isa = PBXBuildFile; fileRef = 6B4C826D9ECCFFC91998FFF1 /* AppState.swift */; };
/* End PBXBuildFile section */

/* Begin PBXContainerItemProxy section */
		C883240773E57E2BF0BA3F1B /* PBXContainerItemProxy */ = {
			isa = PBXContainerItemProxy;
			containerPortal = C0C0763E46DA127B03C51FC0 /* Project object */;
			proxyType = 1;
			remoteGlobalIDString = 62CF90A22AC12F3D03159CD5;
			remoteInfo = CanopyNotificationService;
		};
/* End PBXContainerItemProxy section */

/* Begin PBXCopyFilesBuildPhase section */
		47E01EFC1EA73353E559C3DC /* Embed Foundation Extensions */ = {
			isa = PBXCopyFilesBuildPhase;
			buildActionMask = 2147483647;
			dstPath = "";
			dstSubfolderSpec = 13;
			files = (
				C94A4A0E7B3C4E3966E49167 /* CanopyNotificationService.appex in Embed Foundation Extensions */,
			);
			name = "Embed Foundation Extensions";
			runOnlyForDeploymentPostprocessing = 0;
		};
/* End PBXCopyFilesBuildPhase section */

/* Begin PBXFileReference section */
		10DCD44FD818ABD1AAF558CA /* HistoryStore.swift */ = {isa = PBXFileReference; lastKnownFileType = sourcecode.swift; path = HistoryStore.swift; sourceTree = "<group>"; };
		1171B6EC55D5F43629FC6813 /* CanopyCompanion.app */ = {isa = PBXFileReference; includeInIndex = 0; lastKnownFileType = wrapper.application; path = CanopyCompanion.app; sourceTree = BUILT_PRODUCTS_DIR; };
		13EFA404754FF36771B4735E /* KeychainHelper.swift */ = {isa = PBXFileReference; lastKnownFileType = sourcecode.swift; path = KeychainHelper.swift; sourceTree = "<group>"; };
		1CEBAF11DB9525E96910A019 /* NotificationService.swift */ = {isa = PBXFileReference; lastKnownFileType = sourcecode.swift; path = NotificationService.swift; sourceTree = "<group>"; };
		20DE886DEC2C3D07A41EFDFB /* ContentView.swift */ = {isa = PBXFileReference; lastKnownFileType = sourcecode.swift; path = ContentView.swift; sourceTree = "<group>"; };
		5C23A7CF72A01185880D42B1 /* Assets.xcassets */ = {isa = PBXFileReference; lastKnownFileType = folder.assetcatalog; path = Assets.xcassets; sourceTree = "<group>"; };
		5FBDB35CCC52B6B186BFA87D /* Info.plist */ = {isa = PBXFileReference; lastKnownFileType = text.plist; path = Info.plist; sourceTree = "<group>"; };
		63CC20321B88AB0694BE1A26 /* cursor.png */ = {isa = PBXFileReference; lastKnownFileType = image.png; path = cursor.png; sourceTree = "<group>"; };
		67B5EB141F9F440703BEDF5F /* NotificationService.entitlements */ = {isa = PBXFileReference; lastKnownFileType = text.plist.entitlements; path = NotificationService.entitlements; sourceTree = "<group>"; };
		6B4C826D9ECCFFC91998FFF1 /* AppState.swift */ = {isa = PBXFileReference; lastKnownFileType = sourcecode.swift; path = AppState.swift; sourceTree = "<group>"; };
		7A87DAC448460F2BC2A8EB21 /* Info.plist */ = {isa = PBXFileReference; lastKnownFileType = text.plist; path = Info.plist; sourceTree = "<group>"; };
		8F264B66DA1D0FF5C7832D12 /* claude.png */ = {isa = PBXFileReference; lastKnownFileType = image.png; path = claude.png; sourceTree = "<group>"; };
		91D58ADEABE5CE6FE12EC77F /* codex.png */ = {isa = PBXFileReference; lastKnownFileType = image.png; path = codex.png; sourceTree = "<group>"; };
		9D08E44E9252B6446E862B76 /* NotificationHistoryItem.swift */ = {isa = PBXFileReference; lastKnownFileType = sourcecode.swift; path = NotificationHistoryItem.swift; sourceTree = "<group>"; };
		B86C7DBC8924A2213976772B /* CanopyNotificationService.appex */ = {isa = PBXFileReference; includeInIndex = 0; lastKnownFileType = "wrapper.app-extension"; path = CanopyNotificationService.appex; sourceTree = BUILT_PRODUCTS_DIR; };
		CE7C2DB31AF9139CD3274B7D /* CanopyCompanion.entitlements */ = {isa = PBXFileReference; lastKnownFileType = text.plist.entitlements; path = CanopyCompanion.entitlements; sourceTree = "<group>"; };
		D42C34C84024FB8C6513B7E1 /* NetworkService.swift */ = {isa = PBXFileReference; lastKnownFileType = sourcecode.swift; path = NetworkService.swift; sourceTree = "<group>"; };
		D8013DEE557ED7CCB706B484 /* HistoryView.swift */ = {isa = PBXFileReference; lastKnownFileType = sourcecode.swift; path = HistoryView.swift; sourceTree = "<group>"; };
		F37C1F9F263E0AFFD4A17614 /* AppDelegate.swift */ = {isa = PBXFileReference; lastKnownFileType = sourcecode.swift; path = AppDelegate.swift; sourceTree = "<group>"; };
		F3F3DC41D8266E711911BA77 /* CanopyCompanionApp.swift */ = {isa = PBXFileReference; lastKnownFileType = sourcecode.swift; path = CanopyCompanionApp.swift; sourceTree = "<group>"; };
/* End PBXFileReference section */

/* Begin PBXGroup section */
		13B011E9A07CDB86FCB1C92D /* CanopyCompanion */ = {
			isa = PBXGroup;
			children = (
				F37C1F9F263E0AFFD4A17614 /* AppDelegate.swift */,
				6B4C826D9ECCFFC91998FFF1 /* AppState.swift */,
				5C23A7CF72A01185880D42B1 /* Assets.xcassets */,
				CE7C2DB31AF9139CD3274B7D /* CanopyCompanion.entitlements */,
				F3F3DC41D8266E711911BA77 /* CanopyCompanionApp.swift */,
				20DE886DEC2C3D07A41EFDFB /* ContentView.swift */,
				D8013DEE557ED7CCB706B484 /* HistoryView.swift */,
				5FBDB35CCC52B6B186BFA87D /* Info.plist */,
				13EFA404754FF36771B4735E /* KeychainHelper.swift */,
				D42C34C84024FB8C6513B7E1 /* NetworkService.swift */,
			);
			name = CanopyCompanion;
			path = Sources/CanopyCompanion;
			sourceTree = "<group>";
		};
		6B7BAB6F434D10B8150EB6B0 /* Shared */ = {
			isa = PBXGroup;
			children = (
				10DCD44FD818ABD1AAF558CA /* HistoryStore.swift */,
				9D08E44E9252B6446E862B76 /* NotificationHistoryItem.swift */,
			);
			name = Shared;
			path = Sources/Shared;
			sourceTree = "<group>";
		};
		8A3F223DFD868ED0127D1E36 /* Avatars */ = {
			isa = PBXGroup;
			children = (
				8F264B66DA1D0FF5C7832D12 /* claude.png */,
				91D58ADEABE5CE6FE12EC77F /* codex.png */,
				63CC20321B88AB0694BE1A26 /* cursor.png */,
			);
			name = Avatars;
			path = Sources/CanopyNotificationService/Avatars;
			sourceTree = "<group>";
		};
		D2D0D51E2D568FAE20D5D9C9 /* Products */ = {
			isa = PBXGroup;
			children = (
				1171B6EC55D5F43629FC6813 /* CanopyCompanion.app */,
				B86C7DBC8924A2213976772B /* CanopyNotificationService.appex */,
			);
			name = Products;
			sourceTree = "<group>";
		};
		E08BBD170F494B31F1AEF361 /* CanopyNotificationService */ = {
			isa = PBXGroup;
			children = (
				7A87DAC448460F2BC2A8EB21 /* Info.plist */,
				67B5EB141F9F440703BEDF5F /* NotificationService.entitlements */,
				1CEBAF11DB9525E96910A019 /* NotificationService.swift */,
				8A3F223DFD868ED0127D1E36 /* Avatars */,
			);
			name = CanopyNotificationService;
			path = Sources/CanopyNotificationService;
			sourceTree = "<group>";
		};
		FF4E27590322B6B18D0A99EB = {
			isa = PBXGroup;
			children = (
				8A3F223DFD868ED0127D1E36 /* Avatars */,
				13B011E9A07CDB86FCB1C92D /* CanopyCompanion */,
				E08BBD170F494B31F1AEF361 /* CanopyNotificationService */,
				6B7BAB6F434D10B8150EB6B0 /* Shared */,
				D2D0D51E2D568FAE20D5D9C9 /* Products */,
			);
			sourceTree = "<group>";
		};
/* End PBXGroup section */

/* Begin PBXNativeTarget section */
		62CF90A22AC12F3D03159CD5 /* CanopyNotificationService */ = {
			isa = PBXNativeTarget;
			buildConfigurationList = BB5291F8E3223A9F9CC43958 /* Build configuration list for PBXNativeTarget "CanopyNotificationService" */;
			buildPhases = (
				0E71C292B303774F49347261 /* Sources */,
				5EC4BDF56B77CFDB2E5C5458 /* Resources */,
			);
			buildRules = (
			);
			dependencies = (
			);
			name = CanopyNotificationService;
			packageProductDependencies = (
			);
			productName = CanopyNotificationService;
			productReference = B86C7DBC8924A2213976772B /* CanopyNotificationService.appex */;
			productType = "com.apple.product-type.app-extension";
		};
		D9E6324B921CABA584849D77 /* CanopyCompanion */ = {
			isa = PBXNativeTarget;
			buildConfigurationList = D69224560A63C0F024E78D71 /* Build configuration list for PBXNativeTarget "CanopyCompanion" */;
			buildPhases = (
				798D1848A596EC416B0B8018 /* Sources */,
				FF57BA93F72D3AF9140009F4 /* Resources */,
				47E01EFC1EA73353E559C3DC /* Embed Foundation Extensions */,
			);
			buildRules = (
			);
			dependencies = (
				8397A8A8535FB7B87BD3B1E8 /* PBXTargetDependency */,
			);
			name = CanopyCompanion;
			packageProductDependencies = (
			);
			productName = CanopyCompanion;
			productReference = 1171B6EC55D5F43629FC6813 /* CanopyCompanion.app */;
			productType = "com.apple.product-type.application";
		};
/* End PBXNativeTarget section */

/* Begin PBXProject section */
		C0C0763E46DA127B03C51FC0 /* Project object */ = {
			isa = PBXProject;
			attributes = {
				BuildIndependentTargetsInParallel = YES;
				LastUpgradeCheck = 1430;
				TargetAttributes = {
					62CF90A22AC12F3D03159CD5 = {
						DevelopmentTeam = G5G54TCH8W;
					};
					D9E6324B921CABA584849D77 = {
						DevelopmentTeam = G5G54TCH8W;
					};
				};
			};
			buildConfigurationList = 6C0AC58B636C35F3A43AF4FC /* Build configuration list for PBXProject "CanopyCompanion" */;
			developmentRegion = en;
			hasScannedForEncodings = 0;
			knownRegions = (
				Base,
				en,
			);
			mainGroup = FF4E27590322B6B18D0A99EB;
			minimizedProjectReferenceProxies = 1;
			preferredProjectObjectVersion = 77;
			productRefGroup = D2D0D51E2D568FAE20D5D9C9 /* Products */;
			projectDirPath = "";
			projectRoot = "";
			targets = (
				D9E6324B921CABA584849D77 /* CanopyCompanion */,
				62CF90A22AC12F3D03159CD5 /* CanopyNotificationService */,
			);
		};
/* End PBXProject section */

/* Begin PBXResourcesBuildPhase section */
		5EC4BDF56B77CFDB2E5C5458 /* Resources */ = {
			isa = PBXResourcesBuildPhase;
			buildActionMask = 2147483647;
			files = (
				026E7D152A54EF693FA61DFB /* claude.png in Resources */,
				A29D0A1077758A3DE010AB04 /* codex.png in Resources */,
				FEEFBC80177E58A76FD3BAE6 /* cursor.png in Resources */,
			);
			runOnlyForDeploymentPostprocessing = 0;
		};
		FF57BA93F72D3AF9140009F4 /* Resources */ = {
			isa = PBXResourcesBuildPhase;
			buildActionMask = 2147483647;
			files = (
				2524AEA9314BA21D5D49AE73 /* Assets.xcassets in Resources */,
				2F96A8A3E341D719119C8738 /* claude.png in Resources */,
				CEBAF5543D0E874A46FA5788 /* codex.png in Resources */,
				CF1BA2A8F172D2040146265B /* cursor.png in Resources */,
			);
			runOnlyForDeploymentPostprocessing = 0;
		};
/* End PBXResourcesBuildPhase section */

/* Begin PBXSourcesBuildPhase section */
		0E71C292B303774F49347261 /* Sources */ = {
			isa = PBXSourcesBuildPhase;
			buildActionMask = 2147483647;
			files = (
				A3DFDAFACE7746FC4D102163 /* HistoryStore.swift in Sources */,
				6A22D0CB1084F0AFE2CC2126 /* NotificationHistoryItem.swift in Sources */,
				0CEF4785E765F4005F7C4EBF /* NotificationService.swift in Sources */,
			);
			runOnlyForDeploymentPostprocessing = 0;
		};
		798D1848A596EC416B0B8018 /* Sources */ = {
			isa = PBXSourcesBuildPhase;
			buildActionMask = 2147483647;
			files = (
				76F8DDD83475CDFAAC059A50 /* AppDelegate.swift in Sources */,
				FF5787CCE71AF75313F48B39 /* AppState.swift in Sources */,
				CCA30633BBA6C1FDBF9D0902 /* CanopyCompanionApp.swift in Sources */,
				13B72117E2420D244E7B64EF /* ContentView.swift in Sources */,
				0888C47E56011E5C74966EC7 /* HistoryStore.swift in Sources */,
				EC86F7E395AA082830A7E5E3 /* HistoryView.swift in Sources */,
				ED477BAA5CA564B7BF87568F /* KeychainHelper.swift in Sources */,
				728963698E09C1523AC58D33 /* NetworkService.swift in Sources */,
				CA76F2F30AAF72108C4FB34D /* NotificationHistoryItem.swift in Sources */,
			);
			runOnlyForDeploymentPostprocessing = 0;
		};
/* End PBXSourcesBuildPhase section */

/* Begin PBXTargetDependency section */
		8397A8A8535FB7B87BD3B1E8 /* PBXTargetDependency */ = {
			isa = PBXTargetDependency;
			target = 62CF90A22AC12F3D03159CD5 /* CanopyNotificationService */;
			targetProxy = C883240773E57E2BF0BA3F1B /* PBXContainerItemProxy */;
		};
/* End PBXTargetDependency section */

/* Begin XCBuildConfiguration section */
		5DBB4B4B879CE794CC1FD682 /* Debug */ = {
			isa = XCBuildConfiguration;
			buildSettings = {
				ALWAYS_SEARCH_USER_PATHS = NO;
				CLANG_ANALYZER_NONNULL = YES;
				CLANG_ANALYZER_NUMBER_OBJECT_CONVERSION = YES_AGGRESSIVE;
				CLANG_CXX_LANGUAGE_STANDARD = "gnu++14";
				CLANG_CXX_LIBRARY = "libc++";
				CLANG_ENABLE_MODULES = YES;
				CLANG_ENABLE_OBJC_ARC = YES;
				CLANG_ENABLE_OBJC_WEAK = YES;
				CLANG_WARN_BLOCK_CAPTURE_AUTORELEASING = YES;
				CLANG_WARN_BOOL_CONVERSION = YES;
				CLANG_WARN_COMMA = YES;
				CLANG_WARN_CONSTANT_CONVERSION = YES;
				CLANG_WARN_DEPRECATED_OBJC_IMPLEMENTATIONS = YES;
				CLANG_WARN_DIRECT_OBJC_ISA_USAGE = YES_ERROR;
				CLANG_WARN_DOCUMENTATION_COMMENTS = YES;
				CLANG_WARN_EMPTY_BODY = YES;
				CLANG_WARN_ENUM_CONVERSION = YES;
				CLANG_WARN_INFINITE_RECURSION = YES;
				CLANG_WARN_INT_CONVERSION = YES;
				CLANG_WARN_NON_LITERAL_NULL_CONVERSION = YES;
				CLANG_WARN_OBJC_IMPLICIT_RETAIN_SELF = YES;
				CLANG_WARN_OBJC_LITERAL_CONVERSION = YES;
				CLANG_WARN_OBJC_ROOT_CLASS = YES_ERROR;
				CLANG_WARN_QUOTED_INCLUDE_IN_FRAMEWORK_HEADER = YES;
				CLANG_WARN_RANGE_LOOP_ANALYSIS = YES;
				CLANG_WARN_STRICT_PROTOTYPES = YES;
				CLANG_WARN_SUSPICIOUS_MOVE = YES;
				CLANG_WARN_UNGUARDED_AVAILABILITY = YES_AGGRESSIVE;
				CLANG_WARN_UNREACHABLE_CODE = YES;
				CLANG_WARN__DUPLICATE_METHOD_MATCH = YES;
				COPY_PHASE_STRIP = NO;
				CURRENT_PROJECT_VERSION = 1;
				DEBUG_INFORMATION_FORMAT = dwarf;
				DEVELOPMENT_TEAM = G5G54TCH8W;
				ENABLE_STRICT_OBJC_MSGSEND = YES;
				ENABLE_TESTABILITY = YES;
				GCC_C_LANGUAGE_STANDARD = gnu11;
				GCC_DYNAMIC_NO_PIC = NO;
				GCC_NO_COMMON_BLOCKS = YES;
				GCC_OPTIMIZATION_LEVEL = 0;
				GCC_PREPROCESSOR_DEFINITIONS = (
					"$(inherited)",
					"DEBUG=1",
				);
				GCC_WARN_64_TO_32_BIT_CONVERSION = YES;
				GCC_WARN_ABOUT_RETURN_TYPE = YES_ERROR;
				GCC_WARN_UNDECLARED_SELECTOR = YES;
				GCC_WARN_UNINITIALIZED_AUTOS = YES_AGGRESSIVE;
				GCC_WARN_UNUSED_FUNCTION = YES;
				GCC_WARN_UNUSED_VARIABLE = YES;
				IPHONEOS_DEPLOYMENT_TARGET = 17.0;
				MARKETING_VERSION = 1.0.0;
				MTL_ENABLE_DEBUG_INFO = INCLUDE_SOURCE;
				MTL_FAST_MATH = YES;
				ONLY_ACTIVE_ARCH = YES;
				PRODUCT_NAME = "$(TARGET_NAME)";
				SDKROOT = iphoneos;
				SWIFT_ACTIVE_COMPILATION_CONDITIONS = DEBUG;
				SWIFT_OPTIMIZATION_LEVEL = "-Onone";
				SWIFT_VERSION = 6.0;
			};
			name = Debug;
		};
		648537C8708AA6A66452B5E1 /* Release */ = {
			isa = XCBuildConfiguration;
			buildSettings = {
				ALWAYS_SEARCH_USER_PATHS = NO;
				CLANG_ANALYZER_NONNULL = YES;
				CLANG_ANALYZER_NUMBER_OBJECT_CONVERSION = YES_AGGRESSIVE;
				CLANG_CXX_LANGUAGE_STANDARD = "gnu++14";
				CLANG_CXX_LIBRARY = "libc++";
				CLANG_ENABLE_MODULES = YES;
				CLANG_ENABLE_OBJC_ARC = YES;
				CLANG_ENABLE_OBJC_WEAK = YES;
				CLANG_WARN_BLOCK_CAPTURE_AUTORELEASING = YES;
				CLANG_WARN_BOOL_CONVERSION = YES;
				CLANG_WARN_COMMA = YES;
				CLANG_WARN_CONSTANT_CONVERSION = YES;
				CLANG_WARN_DEPRECATED_OBJC_IMPLEMENTATIONS = YES;
				CLANG_WARN_DIRECT_OBJC_ISA_USAGE = YES_ERROR;
				CLANG_WARN_DOCUMENTATION_COMMENTS = YES;
				CLANG_WARN_EMPTY_BODY = YES;
				CLANG_WARN_ENUM_CONVERSION = YES;
				CLANG_WARN_INFINITE_RECURSION = YES;
				CLANG_WARN_INT_CONVERSION = YES;
				CLANG_WARN_NON_LITERAL_NULL_CONVERSION = YES;
				CLANG_WARN_OBJC_IMPLICIT_RETAIN_SELF = YES;
				CLANG_WARN_OBJC_LITERAL_CONVERSION = YES;
				CLANG_WARN_OBJC_ROOT_CLASS = YES_ERROR;
				CLANG_WARN_QUOTED_INCLUDE_IN_FRAMEWORK_HEADER = YES;
				CLANG_WARN_RANGE_LOOP_ANALYSIS = YES;
				CLANG_WARN_STRICT_PROTOTYPES = YES;
				CLANG_WARN_SUSPICIOUS_MOVE = YES;
				CLANG_WARN_UNGUARDED_AVAILABILITY = YES_AGGRESSIVE;
				CLANG_WARN_UNREACHABLE_CODE = YES;
				CLANG_WARN__DUPLICATE_METHOD_MATCH = YES;
				COPY_PHASE_STRIP = NO;
				CURRENT_PROJECT_VERSION = 1;
				DEBUG_INFORMATION_FORMAT = "dwarf-with-dsym";
				DEVELOPMENT_TEAM = G5G54TCH8W;
				ENABLE_NS_ASSERTIONS = NO;
				ENABLE_STRICT_OBJC_MSGSEND = YES;
				GCC_C_LANGUAGE_STANDARD = gnu11;
				GCC_NO_COMMON_BLOCKS = YES;
				GCC_WARN_64_TO_32_BIT_CONVERSION = YES;
				GCC_WARN_ABOUT_RETURN_TYPE = YES_ERROR;
				GCC_WARN_UNDECLARED_SELECTOR = YES;
				GCC_WARN_UNINITIALIZED_AUTOS = YES_AGGRESSIVE;
				GCC_WARN_UNUSED_FUNCTION = YES;
				GCC_WARN_UNUSED_VARIABLE = YES;
				IPHONEOS_DEPLOYMENT_TARGET = 17.0;
				MARKETING_VERSION = 1.0.0;
				MTL_ENABLE_DEBUG_INFO = NO;
				MTL_FAST_MATH = YES;
				PRODUCT_NAME = "$(TARGET_NAME)";
				SDKROOT = iphoneos;
				SWIFT_COMPILATION_MODE = wholemodule;
				SWIFT_OPTIMIZATION_LEVEL = "-O";
				SWIFT_VERSION = 6.0;
			};
			name = Release;
		};
		850DCC75DCC0A607824DE2D8 /* Debug */ = {
			isa = XCBuildConfiguration;
			buildSettings = {
				CODE_SIGN_ENTITLEMENTS = Sources/CanopyNotificationService/NotificationService.entitlements;
				INFOPLIST_FILE = Sources/CanopyNotificationService/Info.plist;
				LD_RUNPATH_SEARCH_PATHS = (
					"$(inherited)",
					"@executable_path/Frameworks",
					"@executable_path/../../Frameworks",
				);
				PRODUCT_BUNDLE_IDENTIFIER = sh.saqoo.CanopyCompanion.NotificationService;
				SDKROOT = iphoneos;
				SWIFT_STRICT_CONCURRENCY = complete;
				TARGETED_DEVICE_FAMILY = "1,2";
			};
			name = Debug;
		};
		8B004BE4D9CC3D6AED443EF2 /* Release */ = {
			isa = XCBuildConfiguration;
			buildSettings = {
				ASSETCATALOG_COMPILER_APPICON_NAME = AppIcon;
				CODE_SIGN_ENTITLEMENTS = Sources/CanopyCompanion/CanopyCompanion.entitlements;
				CODE_SIGN_IDENTITY = "iPhone Developer";
				INFOPLIST_FILE = Sources/CanopyCompanion/Info.plist;
				LD_RUNPATH_SEARCH_PATHS = (
					"$(inherited)",
					"@executable_path/Frameworks",
				);
				PRODUCT_BUNDLE_IDENTIFIER = sh.saqoo.CanopyCompanion;
				SDKROOT = iphoneos;
				SWIFT_STRICT_CONCURRENCY = complete;
				TARGETED_DEVICE_FAMILY = "1,2";
			};
			name = Release;
		};
		8CA517FE0528D979648F3EF3 /* Debug */ = {
			isa = XCBuildConfiguration;
			buildSettings = {
				ASSETCATALOG_COMPILER_APPICON_NAME = AppIcon;
				CODE_SIGN_ENTITLEMENTS = Sources/CanopyCompanion/CanopyCompanion.entitlements;
				CODE_SIGN_IDENTITY = "iPhone Developer";
				INFOPLIST_FILE = Sources/CanopyCompanion/Info.plist;
				LD_RUNPATH_SEARCH_PATHS = (
					"$(inherited)",
					"@executable_path/Frameworks",
				);
				PRODUCT_BUNDLE_IDENTIFIER = sh.saqoo.CanopyCompanion;
				SDKROOT = iphoneos;
				SWIFT_STRICT_CONCURRENCY = complete;
				TARGETED_DEVICE_FAMILY = "1,2";
			};
			name = Debug;
		};
		EEEE577E0C4E9597EB4D24DA /* Release */ = {
			isa = XCBuildConfiguration;
			buildSettings = {
				CODE_SIGN_ENTITLEMENTS = Sources/CanopyNotificationService/NotificationService.entitlements;
				INFOPLIST_FILE = Sources/CanopyNotificationService/Info.plist;
				LD_RUNPATH_SEARCH_PATHS = (
					"$(inherited)",
					"@executable_path/Frameworks",
					"@executable_path/../../Frameworks",
				);
				PRODUCT_BUNDLE_IDENTIFIER = sh.saqoo.CanopyCompanion.NotificationService;
				SDKROOT = iphoneos;
				SWIFT_STRICT_CONCURRENCY = complete;
				TARGETED_DEVICE_FAMILY = "1,2";
			};
			name = Release;
		};
/* End XCBuildConfiguration section */

/* Begin XCConfigurationList section */
		6C0AC58B636C35F3A43AF4FC /* Build configuration list for PBXProject "CanopyCompanion" */ = {
			isa = XCConfigurationList;
			buildConfigurations = (
				5DBB4B4B879CE794CC1FD682 /* Debug */,
				648537C8708AA6A66452B5E1 /* Release */,
			);
			defaultConfigurationIsVisible = 0;
			defaultConfigurationName = Debug;
		};
		BB5291F8E3223A9F9CC43958 /* Build configuration list for PBXNativeTarget "CanopyNotificationService" */ = {
			isa = XCConfigurationList;
			buildConfigurations = (
				850DCC75DCC0A607824DE2D8 /* Debug */,
				EEEE577E0C4E9597EB4D24DA /* Release */,
			);
			defaultConfigurationIsVisible = 0;
			defaultConfigurationName = Debug;
		};
		D69224560A63C0F024E78D71 /* Build configuration list for PBXNativeTarget "CanopyCompanion" */ = {
			isa = XCConfigurationList;
			buildConfigurations = (
				8CA517FE0528D979648F3EF3 /* Debug */,
				8B004BE4D9CC3D6AED443EF2 /* Release */,
			);
			defaultConfigurationIsVisible = 0;
			defaultConfigurationName = Debug;
		};
/* End XCConfigurationList section */
	};
	rootObject = C0C0763E46DA127B03C51FC0 /* Project object */;
}
